// !$*UTF8*$!
{
	archiveVersion = 1;
	classes = {
	};
	objectVersion = 46;
	objects = {

/* Begin PBXBuildFile section */
		FB280CCA213750530082EFF2 /* AppDelegate.swift in Sources */ = {isa = PBXBuildFile; fileRef = FB280CC9213750530082EFF2 /* AppDelegate.swift */; };
		FB280CCC213750530082EFF2 /* ViewController.swift in Sources */ = {isa = PBXBuildFile; fileRef = FB280CCB213750530082EFF2 /* ViewController.swift */; };
		FB280CCF213750530082EFF2 /* Main.storyboard in Resources */ = {isa = PBXBuildFile; fileRef = FB280CCD213750530082EFF2 /* Main.storyboard */; };
		FB280CD1213750530082EFF2 /* Assets.xcassets in Resources */ = {isa = PBXBuildFile; fileRef = FB280CD0213750530082EFF2 /* Assets.xcassets */; };
		FB280CD4213750530082EFF2 /* LaunchScreen.storyboard in Resources */ = {isa = PBXBuildFile; fileRef = FB280CD2213750530082EFF2 /* LaunchScreen.storyboard */; };
		FB280CDF213750540082EFF2 /* GitTests.swift in Sources */ = {isa = PBXBuildFile; fileRef = FB280CDE213750540082EFF2 /* GitTests.swift */; };
		FB280CEA213750540082EFF2 /* GitUITests.swift in Sources */ = {isa = PBXBuildFile; fileRef = FB280CE9213750540082EFF2 /* GitUITests.swift */; };
/* End PBXBuildFile section */

/* Begin PBXContainerItemProxy section */
		FB280CDB213750540082EFF2 /* PBXContainerItemProxy */ = {
			isa = PBXContainerItemProxy;
			containerPortal = FB280CBE213750530082EFF2 /* Project object */;
			proxyType = 1;
			remoteGlobalIDString = FB280CC5213750530082EFF2;
			remoteInfo = Git;
		};
		FB280CE6213750540082EFF2 /* PBXContainerItemProxy */ = {
			isa = PBXContainerItemProxy;
			containerPortal = FB280CBE213750530082EFF2 /* Project object */;
			proxyType = 1;
			remoteGlobalIDString = FB280CC5213750530082EFF2;
			remoteInfo = Git;
		};
/* End PBXContainerItemProxy section */

/* Begin PBXFileReference section */
		FB280CC6213750530082EFF2 /* Git.app */ = {isa = PBXFileReference; explicitFileType = wrapper.application; includeInIndex = 0; path = Git.app; sourceTree = BUILT_PRODUCTS_DIR; };
		FB280CC9213750530082EFF2 /* AppDelegate.swift */ = {isa = PBXFileReference; lastKnownFileType = sourcecode.swift; path = AppDelegate.swift; sourceTree = "<group>"; };
		FB280CCB213750530082EFF2 /* ViewController.swift */ = {isa = PBXFileReference; lastKnownFileType = sourcecode.swift; path = ViewController.swift; sourceTree = "<group>"; };
		FB280CCE213750530082EFF2 /* Base */ = {isa = PBXFileReference; lastKnownFileType = file.storyboard; name = Base; path = Base.lproj/Main.storyboard; sourceTree = "<group>"; };
		FB280CD0213750530082EFF2 /* Assets.xcassets */ = {isa = PBXFileReference; lastKnownFileType = folder.assetcatalog; path = Assets.xcassets; sourceTree = "<group>"; };
		FB280CD3213750530082EFF2 /* Base */ = {isa = PBXFileReference; lastKnownFileType = file.storyboard; name = Base; path = Base.lproj/LaunchScreen.storyboard; sourceTree = "<group>"; };
		FB280CD5213750530082EFF2 /* Info.plist */ = {isa = PBXFileReference; lastKnownFileType = text.plist.xml; path = Info.plist; sourceTree = "<group>"; };
		FB280CDA213750540082EFF2 /* GitTests.xctest */ = {isa = PBXFileReference; explicitFileType = wrapper.cfbundle; includeInIndex = 0; path = GitTests.xctest; sourceTree = BUILT_PRODUCTS_DIR; };
		FB280CDE213750540082EFF2 /* GitTests.swift */ = {isa = PBXFileReference; lastKnownFileType = sourcecode.swift; path = GitTests.swift; sourceTree = "<group>"; };
		FB280CE0213750540082EFF2 /* Info.plist */ = {isa = PBXFileReference; lastKnownFileType = text.plist.xml; path = Info.plist; sourceTree = "<group>"; };
		FB280CE5213750540082EFF2 /* GitUITests.xctest */ = {isa = PBXFileReference; explicitFileType = wrapper.cfbundle; includeInIndex = 0; path = GitUITests.xctest; sourceTree = BUILT_PRODUCTS_DIR; };
		FB280CE9213750540082EFF2 /* GitUITests.swift */ = {isa = PBXFileReference; lastKnownFileType = sourcecode.swift; path = GitUITests.swift; sourceTree = "<group>"; };
		FB280CEB213750540082EFF2 /* Info.plist */ = {isa = PBXFileReference; lastKnownFileType = text.plist.xml; path = Info.plist; sourceTree = "<group>"; };
/* End PBXFileReference section */

/* Begin PBXFrameworksBuildPhase section */
		FB280CC3213750530082EFF2 /* Frameworks */ = {
			isa = PBXFrameworksBuildPhase;
			buildActionMask = 2147483647;
			files = (
			);
			runOnlyForDeploymentPostprocessing = 0;
		};
		FB280CD7213750540082EFF2 /* Frameworks */ = {
			isa = PBXFrameworksBuildPhase;
			buildActionMask = 2147483647;
			files = (
			);
			runOnlyForDeploymentPostprocessing = 0;
		};
		FB280CE2213750540082EFF2 /* Frameworks */ = {
			isa = PBXFrameworksBuildPhase;
			buildActionMask = 2147483647;
			files = (
			);
			runOnlyForDeploymentPostprocessing = 0;
		};
/* End PBXFrameworksBuildPhase section */

/* Begin PBXGroup section */
		FB280CBD213750530082EFF2 = {
			isa = PBXGroup;
			children = (
				FB280CC8213750530082EFF2 /* Git */,
				FB280CDD213750540082EFF2 /* GitTests */,
				FB280CE8213750540082EFF2 /* GitUITests */,
				FB280CC7213750530082EFF2 /* Products */,
			);
			sourceTree = "<group>";
		};
		FB280CC7213750530082EFF2 /* Products */ = {
			isa = PBXGroup;
			children = (
				FB280CC6213750530082EFF2 /* Git.app */,
				FB280CDA213750540082EFF2 /* GitTests.xctest */,
				FB280CE5213750540082EFF2 /* GitUITests.xctest */,
			);
			name = Products;
			sourceTree = "<group>";
		};
		FB280CC8213750530082EFF2 /* Git */ = {
			isa = PBXGroup;
			children = (
				FB280CC9213750530082EFF2 /* AppDelegate.swift */,
				FB280CCB213750530082EFF2 /* ViewController.swift */,
				FB280CCD213750530082EFF2 /* Main.storyboard */,
				FB280CD0213750530082EFF2 /* Assets.xcassets */,
				FB280CD2213750530082EFF2 /* LaunchScreen.storyboard */,
				FB280CD5213750530082EFF2 /* Info.plist */,
			);
			path = Git;
			sourceTree = "<group>";
		};
		FB280CDD213750540082EFF2 /* GitTests */ = {
			isa = PBXGroup;
			children = (
				FB280CDE213750540082EFF2 /* GitTests.swift */,
				FB280CE0213750540082EFF2 /* Info.plist */,
			);
			path = GitTests;
			sourceTree = "<group>";
		};
		FB280CE8213750540082EFF2 /* GitUITests */ = {
			isa = PBXGroup;
			children = (
				FB280CE9213750540082EFF2 /* GitUITests.swift */,
				FB280CEB213750540082EFF2 /* Info.plist */,
			);
			path = GitUITests;
			sourceTree = "<group>";
		};
/* End PBXGroup section */

/* Begin PBXNativeTarget section */
		FB280CC5213750530082EFF2 /* Git */ = {
			isa = PBXNativeTarget;
			buildConfigurationList = FB280CEE213750540082EFF2 /* Build configuration list for PBXNativeTarget "Git" */;
			buildPhases = (
				FB280CC2213750530082EFF2 /* Sources */,
				FB280CC3213750530082EFF2 /* Frameworks */,
				FB280CC4213750530082EFF2 /* Resources */,
			);
			buildRules = (
			);
			dependencies = (
			);
			name = Git;
			productName = Git;
			productReference = FB280CC6213750530082EFF2 /* Git.app */;
			productType = "com.apple.product-type.application";
		};
		FB280CD9213750540082EFF2 /* GitTests */ = {
			isa = PBXNativeTarget;
			buildConfigurationList = FB280CF1213750540082EFF2 /* Build configuration list for PBXNativeTarget "GitTests" */;
			buildPhases = (
				FB280CD6213750540082EFF2 /* Sources */,
				FB280CD7213750540082EFF2 /* Frameworks */,
				FB280CD8213750540082EFF2 /* Resources */,
			);
			buildRules = (
			);
			dependencies = (
				FB280CDC213750540082EFF2 /* PBXTargetDependency */,
			);
			name = GitTests;
			productName = GitTests;
			productReference = FB280CDA213750540082EFF2 /* GitTests.xctest */;
			productType = "com.apple.product-type.bundle.unit-test";
		};
		FB280CE4213750540082EFF2 /* GitUITests */ = {
			isa = PBXNativeTarget;
			buildConfigurationList = FB280CF4213750540082EFF2 /* Build configuration list for PBXNativeTarget "GitUITests" */;
			buildPhases = (
				FB280CE1213750540082EFF2 /* Sources */,
				FB280CE2213750540082EFF2 /* Frameworks */,
				FB280CE3213750540082EFF2 /* Resources */,
			);
			buildRules = (
			);
			dependencies = (
				FB280CE7213750540082EFF2 /* PBXTargetDependency */,
			);
			name = GitUITests;
			productName = GitUITests;
			productReference = FB280CE5213750540082EFF2 /* GitUITests.xctest */;
			productType = "com.apple.product-type.bundle.ui-testing";
		};
/* End PBXNativeTarget section */

/* Begin PBXProject section */
		FB280CBE213750530082EFF2 /* Project object */ = {
			isa = PBXProject;
			attributes = {
				LastSwiftUpdateCheck = 0730;
				LastUpgradeCheck = 0730;
				ORGANIZATIONNAME = Angelica;
				TargetAttributes = {
					FB280CC5213750530082EFF2 = {
						CreatedOnToolsVersion = 7.3;
					};
					FB280CD9213750540082EFF2 = {
						CreatedOnToolsVersion = 7.3;
						TestTargetID = FB280CC5213750530082EFF2;
					};
					FB280CE4213750540082EFF2 = {
						CreatedOnToolsVersion = 7.3;
						TestTargetID = FB280CC5213750530082EFF2;
					};
				};
			};
			buildConfigurationList = FB280CC1213750530082EFF2 /* Build configuration list for PBXProject "Git" */;
			compatibilityVersion = "Xcode 3.2";
			developmentRegion = English;
			hasScannedForEncodings = 0;
			knownRegions = (
				en,
				Base,
			);
			mainGroup = FB280CBD213750530082EFF2;
			productRefGroup = FB280CC7213750530082EFF2 /* Products */;
			projectDirPath = "";
			projectRoot = "";
			targets = (
				FB280CC5213750530082EFF2 /* Git */,
				FB280CD9213750540082EFF2 /* GitTests */,
				FB280CE4213750540082EFF2 /* GitUITests */,
			);
		};
/* End PBXProject section */

/* Begin PBXResourcesBuildPhase section */
		FB280CC4213750530082EFF2 /* Resources */ = {
			isa = PBXResourcesBuildPhase;
			buildActionMask = 2147483647;
			files = (
				FB280CD4213750530082EFF2 /* LaunchScreen.storyboard in Resources */,
				FB280CD1213750530082EFF2 /* Assets.xcassets in Resources */,
				FB280CCF213750530082EFF2 /* Main.storyboard in Resources */,
			);
			runOnlyForDeploymentPostprocessing = 0;
		};
		FB280CD8213750540082EFF2 /* Resources */ = {
			isa = PBXResourcesBuildPhase;
			buildActionMask = 2147483647;
			files = (
			);
			runOnlyForDeploymentPostprocessing = 0;
		};
		FB280CE3213750540082EFF2 /* Resources */ = {
			isa = PBXResourcesBuildPhase;
			buildActionMask = 2147483647;
			files = (
			);
			runOnlyForDeploymentPostprocessing = 0;
		};
/* End PBXResourcesBuildPhase section */

/* Begin PBXSourcesBuildPhase section */
		FB280CC2213750530082EFF2 /* Sources */ = {
			isa = PBXSourcesBuildPhase;
			buildActionMask = 2147483647;
			files = (
				FB280CCC213750530082EFF2 /* ViewController.swift in Sources */,
				FB280CCA213750530082EFF2 /* AppDelegate.swift in Sources */,
			);
			runOnlyForDeploymentPostprocessing = 0;
		};
		FB280CD6213750540082EFF2 /* Sources */ = {
			isa = PBXSourcesBuildPhase;
			buildActionMask = 2147483647;
			files = (
				FB280CDF213750540082EFF2 /* GitTests.swift in Sources */,
			);
			runOnlyForDeploymentPostprocessing = 0;
		};
		FB280CE1213750540082EFF2 /* Sources */ = {
			isa = PBXSourcesBuildPhase;
			buildActionMask = 2147483647;
			files = (
				FB280CEA213750540082EFF2 /* GitUITests.swift in Sources */,
			);
			runOnlyForDeploymentPostprocessing = 0;
		};
/* End PBXSourcesBuildPhase section */

/* Begin PBXTargetDependency section */
		FB280CDC213750540082EFF2 /* PBXTargetDependency */ = {
			isa = PBXTargetDependency;
			target = FB280CC5213750530082EFF2 /* Git */;
			targetProxy = FB280CDB213750540082EFF2 /* PBXContainerItemProxy */;
		};
		FB280CE7213750540082EFF2 /* PBXTargetDependency */ = {
			isa = PBXTargetDependency;
			target = FB280CC5213750530082EFF2 /* Git */;
			targetProxy = FB280CE6213750540082EFF2 /* PBXContainerItemProxy */;
		};
/* End PBXTargetDependency section */

/* Begin PBXVariantGroup section */
		FB280CCD213750530082EFF2 /* Main.storyboard */ = {
			isa = PBXVariantGroup;
			children = (
				FB280CCE213750530082EFF2 /* Base */,
			);
			name = Main.storyboard;
			sourceTree = "<group>";
		};
		FB280CD2213750530082EFF2 /* LaunchScreen.storyboard */ = {
			isa = PBXVariantGroup;
			children = (
				FB280CD3213750530082EFF2 /* Base */,
			);
			name = LaunchScreen.storyboard;
			sourceTree = "<group>";
		};
/* End PBXVariantGroup section */

/* Begin XCBuildConfiguration section */
		FB280CEC213750540082EFF2 /* Debug */ = {
			isa = XCBuildConfiguration;
			buildSettings = {
				ALWAYS_SEARCH_USER_PATHS = NO;
				CLANG_ANALYZER_NONNULL = YES;
				CLANG_CXX_LANGUAGE_STANDARD = "gnu++0x";
				CLANG_CXX_LIBRARY = "libc++";
				CLANG_ENABLE_MODULES = YES;
				CLANG_ENABLE_OBJC_ARC = YES;
				CLANG_WARN_BOOL_CONVERSION = YES;
				CLANG_WARN_CONSTANT_CONVERSION = YES;
				CLANG_WARN_DIRECT_OBJC_ISA_USAGE = YES_ERROR;
				CLANG_WARN_EMPTY_BODY = YES;
				CLANG_WARN_ENUM_CONVERSION = YES;
				CLANG_WARN_INT_CONVERSION = YES;
				CLANG_WARN_OBJC_ROOT_CLASS = YES_ERROR;
				CLANG_WARN_UNREACHABLE_CODE = YES;
				CLANG_WARN__DUPLICATE_METHOD_MATCH = YES;
				"CODE_SIGN_IDENTITY[sdk=iphoneos*]" = "iPhone Developer";
				COPY_PHASE_STRIP = NO;
				DEBUG_INFORMATION_FORMAT = dwarf;
				ENABLE_STRICT_OBJC_MSGSEND = YES;
				ENABLE_TESTABILITY = YES;
				GCC_C_LANGUAGE_STANDARD = gnu99;
				GCC_DYNAMIC_NO_PIC = NO;
				GCC_NO_COMMON_BLOCKS = YES;
				GCC_OPTIMIZATION_LEVEL = 0;
				GCC_PREPROCESSOR_DEFINITIONS = (
					"DEBUG=1",
					"$(inherited)",
				);
				GCC_WARN_64_TO_32_BIT_CONVERSION = YES;
				GCC_WARN_ABOUT_RETURN_TYPE = YES_ERROR;
				GCC_WARN_UNDECLARED_SELECTOR = YES;
				GCC_WARN_UNINITIALIZED_AUTOS = YES_AGGRESSIVE;
				GCC_WARN_UNUSED_FUNCTION = YES;
				GCC_WARN_UNUSED_VARIABLE = YES;
				IPHONEOS_DEPLOYMENT_TARGET = 9.3;
				MTL_ENABLE_DEBUG_INFO = YES;
				ONLY_ACTIVE_ARCH = YES;
				SDKROOT = iphoneos;
				SWIFT_OPTIMIZATION_LEVEL = "-Onone";
			};
			name = Debug;
		};
		FB280CED213750540082EFF2 /* Release */ = {
			isa = XCBuildConfiguration;
			buildSettings = {
				ALWAYS_SEARCH_USER_PATHS = NO;
				CLANG_ANALYZER_NONNULL = YES;
				CLANG_CXX_LANGUAGE_STANDARD = "gnu++0x";
				CLANG_CXX_LIBRARY = "libc++";
				CLANG_ENABLE_MODULES = YES;
				CLANG_ENABLE_OBJC_ARC = YES;
				CLANG_WARN_BOOL_CONVERSION = YES;
				CLANG_WARN_CONSTANT_CONVERSION = YES;
				CLANG_WARN_DIRECT_OBJC_ISA_USAGE = YES_ERROR;
				CLANG_WARN_EMPTY_BODY = YES;
				CLANG_WARN_ENUM_CONVERSION = YES;
				CLANG_WARN_INT_CONVERSION = YES;
				CLANG_WARN_OBJC_ROOT_CLASS = YES_ERROR;
				CLANG_WARN_UNREACHABLE_CODE = YES;
				CLANG_WARN__DUPLICATE_METHOD_MATCH = YES;
				"CODE_SIGN_IDENTITY[sdk=iphoneos*]" = "iPhone Developer";
				COPY_PHASE_STRIP = NO;
				DEBUG_INFORMATION_FORMAT = "dwarf-with-dsym";
				ENABLE_NS_ASSERTIONS = NO;
				ENABLE_STRICT_OBJC_MSGSEND = YES;
				GCC_C_LANGUAGE_STANDARD = gnu99;
				GCC_NO_COMMON_BLOCKS = YES;
				GCC_WARN_64_TO_32_BIT_CONVERSION = YES;
				GCC_WARN_ABOUT_RETURN_TYPE = YES_ERROR;
				GCC_WARN_UNDECLARED_SELECTOR = YES;
				GCC_WARN_UNINITIALIZED_AUTOS = YES_AGGRESSIVE;
				GCC_WARN_UNUSED_FUNCTION = YES;
				GCC_WARN_UNUSED_VARIABLE = YES;
				IPHONEOS_DEPLOYMENT_TARGET = 9.3;
				MTL_ENABLE_DEBUG_INFO = NO;
				SDKROOT = iphoneos;
				VALIDATE_PRODUCT = YES;
			};
			name = Release;
		};
		FB280CEF213750540082EFF2 /* Debug */ = {
			isa = XCBuildConfiguration;
			buildSettings = {
				ASSETCATALOG_COMPILER_APPICON_NAME = AppIcon;
				INFOPLIST_FILE = Git/Info.plist;
				LD_RUNPATH_SEARCH_PATHS = "$(inherited) @executable_path/Frameworks";
				PRODUCT_BUNDLE_IDENTIFIER = test.Git;
				PRODUCT_NAME = "$(TARGET_NAME)";
			};
			name = Debug;
		};
		FB280CF0213750540082EFF2 /* Release */ = {
			isa = XCBuildConfiguration;
			buildSettings = {
				ASSETCATALOG_COMPILER_APPICON_NAME = AppIcon;
				INFOPLIST_FILE = Git/Info.plist;
				LD_RUNPATH_SEARCH_PATHS = "$(inherited) @executable_path/Frameworks";
				PRODUCT_BUNDLE_IDENTIFIER = test.Git;
				PRODUCT_NAME = "$(TARGET_NAME)";
			};
			name = Release;
		};
		FB280CF2213750540082EFF2 /* Debug */ = {
			isa = XCBuildConfiguration;
			buildSettings = {
				BUNDLE_LOADER = "$(TEST_HOST)";
				INFOPLIST_FILE = GitTests/Info.plist;
				LD_RUNPATH_SEARCH_PATHS = "$(inherited) @executable_path/Frameworks @loader_path/Frameworks";
				PRODUCT_BUNDLE_IDENTIFIER = test.GitTests;
				PRODUCT_NAME = "$(TARGET_NAME)";
				TEST_HOST = "$(BUILT_PRODUCTS_DIR)/Git.app/Git";
			};
			name = Debug;
		};
		FB280CF3213750540082EFF2 /* Release */ = {
			isa = XCBuildConfiguration;
			buildSettings = {
				BUNDLE_LOADER = "$(TEST_HOST)";
				INFOPLIST_FILE = GitTests/Info.plist;
				LD_RUNPATH_SEARCH_PATHS = "$(inherited) @executable_path/Frameworks @loader_path/Frameworks";
				PRODUCT_BUNDLE_IDENTIFIER = test.GitTests;
				PRODUCT_NAME = "$(TARGET_NAME)";
				TEST_HOST = "$(BUILT_PRODUCTS_DIR)/Git.app/Git";
			};
			name = Release;
		};
		FB280CF5213750540082EFF2 /* Debug */ = {
			isa = XCBuildConfiguration;
			buildSettings = {
				INFOPLIST_FILE = GitUITests/Info.plist;
				LD_RUNPATH_SEARCH_PATHS = "$(inherited) @executable_path/Frameworks @loader_path/Frameworks";
				PRODUCT_BUNDLE_IDENTIFIER = test.GitUITests;
				PRODUCT_NAME = "$(TARGET_NAME)";
				TEST_TARGET_NAME = Git;
			};
			name = Debug;
		};
		FB280CF6213750540082EFF2 /* Release */ = {
			isa = XCBuildConfiguration;
			buildSettings = {
				INFOPLIST_FILE = GitUITests/Info.plist;
				LD_RUNPATH_SEARCH_PATHS = "$(inherited) @executable_path/Frameworks @loader_path/Frameworks";
				PRODUCT_BUNDLE_IDENTIFIER = test.GitUITests;
				PRODUCT_NAME = "$(TARGET_NAME)";
				TEST_TARGET_NAME = Git;
			};
			name = Release;
		};
/* End XCBuildConfiguration section */

/* Begin XCConfigurationList section */
		FB280CC1213750530082EFF2 /* Build configuration list for PBXProject "Git" */ = {
			isa = XCConfigurationList;
			buildConfigurations = (
				FB280CEC213750540082EFF2 /* Debug */,
				FB280CED213750540082EFF2 /* Release */,
			);
			defaultConfigurationIsVisible = 0;
			defaultConfigurationName = Release;
		};
		FB280CEE213750540082EFF2 /* Build configuration list for PBXNativeTarget "Git" */ = {
			isa = XCConfigurationList;
			buildConfigurations = (
				FB280CEF213750540082EFF2 /* Debug */,
				FB280CF0213750540082EFF2 /* Release */,
			);
			defaultConfigurationIsVisible = 0;
		};
		FB280CF1213750540082EFF2 /* Build configuration list for PBXNativeTarget "GitTests" */ = {
			isa = XCConfigurationList;
			buildConfigurations = (
				FB280CF2213750540082EFF2 /* Debug */,
				FB280CF3213750540082EFF2 /* Release */,
			);
			defaultConfigurationIsVisible = 0;
		};
		FB280CF4213750540082EFF2 /* Build configuration list for PBXNativeTarget "GitUITests" */ = {
			isa = XCConfigurationList;
			buildConfigurations = (
				FB280CF5213750540082EFF2 /* Debug */,
				FB280CF6213750540082EFF2 /* Release */,
			);
			defaultConfigurationIsVisible = 0;
		};
/* End XCConfigurationList section */
	};
	rootObject = FB280CBE213750530082EFF2 /* Project object */;
}
